
Microsoft Visual Studio Solution File, Format Version 12.00
# Visual Studio 14
VisualStudioVersion = 14.0.25123.0
MinimumVisualStudioVersion = 10.0.40219.1
Project("{FAE04EC0-301F-11D3-BF4B-00C04F79EFBC}") = "Smart-One", "Smart-One\Smart-One.csproj", "{A3691D66-451B-4733-84BA-2DDD57CC4663}"
EndProject
Project("{FAE04EC0-301F-11D3-BF4B-00C04F79EFBC}") = "Logics", "Logics\Logics.csproj", "{49F21CB8-D54B-4227-B21C-40F92522294D}"
EndProject
Project("{FAE04EC0-301F-11D3-BF4B-00C04F79EFBC}") = "activity-designs", "activity-designs\activity-designs.csproj", "{4201793E-19F7-48E8-8673-D980CE2B724A}"
EndProject
Global
	GlobalSection(SolutionConfigurationPlatforms) = preSolution
		Debug|Any CPU = Debug|Any CPU
		Release|Any CPU = Release|Any CPU
	EndGlobalSection
	GlobalSection(ProjectConfigurationPlatforms) = postSolution
		{A3691D66-451B-4733-84BA-2DDD57CC4663}.Debug|Any CPU.ActiveCfg = Debug|Any CPU
		{A3691D66-451B-4733-84BA-2DDD57CC4663}.Debug|Any CPU.Build.0 = Debug|Any CPU
		{A3691D66-451B-4733-84BA-2DDD57CC4663}.Debug|Any CPU.Deploy.0 = Debug|Any CPU
		{A3691D66-451B-4733-84BA-2DDD57CC4663}.Release|Any CPU.ActiveCfg = Release|Any CPU
		{A3691D66-451B-4733-84BA-2DDD57CC4663}.Release|Any CPU.Build.0 = Release|Any CPU
		{A3691D66-451B-4733-84BA-2DDD57CC4663}.Release|Any CPU.Deploy.0 = Release|Any CPU
		{49F21CB8-D54B-4227-B21C-40F92522294D}.Debug|Any CPU.ActiveCfg = Debug|Any CPU
		{49F21CB8-D54B-4227-B21C-40F92522294D}.Debug|Any CPU.Build.0 = Debug|Any CPU
		{49F21CB8-D54B-4227-B21C-40F92522294D}.Release|Any CPU.ActiveCfg = Release|Any CPU
		{49F21CB8-D54B-4227-B21C-40F92522294D}.Release|Any CPU.Build.0 = Release|Any CPU
		{4201793E-19F7-48E8-8673-D980CE2B724A}.Debug|Any CPU.ActiveCfg = Debug|Any CPU
		{4201793E-19F7-48E8-8673-D980CE2B724A}.Debug|Any CPU.Build.0 = Debug|Any CPU
		{4201793E-19F7-48E8-8673-D980CE2B724A}.Debug|Any CPU.Deploy.0 = Debug|Any CPU
		{4201793E-19F7-48E8-8673-D980CE2B724A}.Release|Any CPU.ActiveCfg = Release|Any CPU
		{4201793E-19F7-48E8-8673-D980CE2B724A}.Release|Any CPU.Build.0 = Release|Any CPU
		{4201793E-19F7-48E8-8673-D980CE2B724A}.Release|Any CPU.Deploy.0 = Release|Any CPU
	EndGlobalSection
	GlobalSection(SolutionProperties) = preSolution
		HideSolutionNode = FALSE
	EndGlobalSection
EndGlobal
